
Microsoft Visual Studio Solution File, Format Version 12.00
# Visual Studio 2012
Project("{FAE04EC0-301F-11D3-BF4B-00C04F79EFBC}") = "FirstAdventure", "FirstAdventure\FirstAdventure.csproj", "{8CE73484-19E2-4873-8A2C-5B5295479F2A}"
EndProject
Global
	GlobalSection(SolutionConfigurationPlatforms) = preSolution
		Debug|x86 = Debug|x86
		Release|x86 = Release|x86
	EndGlobalSection
	GlobalSection(ProjectConfigurationPlatforms) = postSolution
		{8CE73484-19E2-4873-8A2C-5B5295479F2A}.Debug|x86.ActiveCfg = Debug|x86
		{8CE73484-19E2-4873-8A2C-5B5295479F2A}.Debug|x86.Build.0 = Debug|x86
		{8CE73484-19E2-4873-8A2C-5B5295479F2A}.Release|x86.ActiveCfg = Release|x86
		{8CE73484-19E2-4873-8A2C-5B5295479F2A}.Release|x86.Build.0 = Release|x86
	EndGlobalSection
EndGlobal
